<?xml version="1.0" encoding="utf-8"?>
<Project ToolsVersion="15.0" xmlns="http://schemas.microsoft.com/developer/msbuild/2003">
  <ItemGroup>
    <Filter Include="Resources">
      <UniqueIdentifier>accd3aa8-1ba0-4223-9bbe-0c431709210b</UniqueIdentifier>
      <Extensions>rc;ico;cur;bmp;dlg;rc2;rct;bin;rgs;gif;jpg;jpeg;jpe;resx;tga;tiff;tif;png;wav;mfcribbon-ms</Extensions>
    </Filter>
    <Filter Include="Generated Files">
      <UniqueIdentifier>{926ab91d-31b4-48c3-b9a4-e681349f27f0}</UniqueIdentifier>
    </Filter>
    <Filter Include="Development">
      <UniqueIdentifier>{3b8e24e3-c758-4b95-8cc4-03a45ecf585b}</UniqueIdentifier>
    </Filter>
    <Filter Include="Development\Source Files">
      <UniqueIdentifier>{6da4fa5c-cdb7-40de-8746-d71916ed10fd}</UniqueIdentifier>
    </Filter>
    <Filter Include="Development\MIDL Files">
      <UniqueIdentifier>{019c8c4d-2a45-47dc-9488-38d3082a2f34}</UniqueIdentifier>
    </Filter>
    <Filter Include="Development\Header Files">
      <UniqueIdentifier>{f1f70d95-63b1-4c1a-94b2-bc71e4afa031}</UniqueIdentifier>
    </Filter>
    <Filter Include="Settings">
      <UniqueIdentifier>{7f08fe79-17aa-47c6-8914-821384457b60}</UniqueIdentifier>
    </Filter>
  </ItemGroup>
  <ItemGroup>
    <ClCompile Include="$(GeneratedFilesDir)module.g.cpp">
      <Filter>Settings</Filter>
    </ClCompile>
    <ClCompile Include="pch.cpp">
      <Filter>Settings</Filter>
    </ClCompile>
    <ClCompile Include="Private\Class.cpp">
      <Filter>Development\Source Files</Filter>
    </ClCompile>
  </ItemGroup>
  <ItemGroup>
    <Midl Include="ModuleInterface.idl">
      <Filter>Development\MIDL Files</Filter>
    </Midl>
  </ItemGroup>
  <ItemGroup>
    <None Include="PasswordGenerator.def">
      <Filter>Settings</Filter>
    </None>
    <None Include="packages.config" />
  </ItemGroup>
  <ItemGroup>
    <ClInclude Include="pch.h">
      <Filter>Settings</Filter>
    </ClInclude>
    <ClInclude Include="Public\Class.h">
      <Filter>Development\Header Files</Filter>
    </ClInclude>
  </ItemGroup>
  <ItemGroup>
    <Natvis Include="$(MSBuildThisFileDirectory)..\..\natvis\wil.natvis">
      <Filter>Settings</Filter>
    </Natvis>
  </ItemGroup>
</Project>